
Microsoft Visual Studio Solution File, Format Version 12.00
# Visual Studio Version 16
VisualStudioVersion = 16.0.30503.244
MinimumVisualStudioVersion = 10.0.40219.1
Project("{F184B08F-C81C-45F6-A57F-5ABD9991F28F}") = "AddressLabel", "AddressLabel.vbproj", "{97CDE70C-4CE6-49FC-9BEE-E326592EFE4D}"
EndProject
Global
	GlobalSection(SolutionConfigurationPlatforms) = preSolution
		Debug|Any CPU = Debug|Any CPU
		Release|Any CPU = Release|Any CPU
	EndGlobalSection
	GlobalSection(ProjectConfigurationPlatforms) = postSolution
		{97CDE70C-4CE6-49FC-9BEE-E326592EFE4D}.Debug|Any CPU.ActiveCfg = Debug|Any CPU
		{97CDE70C-4CE6-49FC-9BEE-E326592EFE4D}.Debug|Any CPU.Build.0 = Debug|Any CPU
		{97CDE70C-4CE6-49FC-9BEE-E326592EFE4D}.Release|Any CPU.ActiveCfg = Release|Any CPU
		{97CDE70C-4CE6-49FC-9BEE-E326592EFE4D}.Release|Any CPU.Build.0 = Release|Any CPU
	EndGlobalSection
	GlobalSection(SolutionProperties) = preSolution
		HideSolutionNode = FALSE
	EndGlobalSection
	GlobalSection(ExtensibilityGlobals) = postSolution
		SolutionGuid = {326B73D3-3C41-4B64-B21F-2BA5D6EADC4C}
	EndGlobalSection
EndGlobal
